<Solution>
  <Folder Name="/Solution Items/">
    <File Path=".gitignore" />
    <File Path="compose.yaml" />
    <File Path="db-init\01-init.sql" />
  </Folder>
  <Project Path="Core/Core.csproj" />
  <Project Path="DataAccess/DataAccess.csproj" />
  <Project Path="SeawaveAPI/SeawaveAPI.csproj" />
  <Project Path="Services/Services.csproj" />
</Solution>
